<Solution>
  <Folder Name="/src/">
    <Project Path="src/Vellum.Abstractions/Vellum.Abstractions.csproj" />
    <Project Path="src/Vellum.Core/Vellum.Core.csproj" />
  </Folder>
  <Folder Name="/tests/">
    <Project Path="tests/Vellum.Abstractions.Tests/Vellum.Abstractions.Tests.csproj" />
    <Project Path="tests/Vellum.Core.Tests/Vellum.Core.Tests.csproj" />
  </Folder>
</Solution>
