<Solution>
  <Folder Name="/src/">
    <Project Path="src/Vellum.Abstractions/Vellum.Abstractions.csproj" />
    <Project Path="src/Vellum.Core/Vellum.Core.csproj" />
    <Project Path="src/Vellum.Vault/Vellum.Vault.csproj" />
    <Project Path="src/Vellum.Static/Vellum.Static.csproj" />
    <Project Path="src/Vellum.InMemory/Vellum.InMemory.csproj" />
    <Project Path="src/Vellum.EntityFrameworkCore/Vellum.EntityFrameworkCore.csproj" />
    <Project Path="src/Vellum.Rotation/Vellum.Rotation.csproj" />
  </Folder>
  <Folder Name="/tests/">
    <Project Path="tests/Vellum.Abstractions.Tests/Vellum.Abstractions.Tests.csproj" />
    <Project Path="tests/Vellum.Core.Tests/Vellum.Core.Tests.csproj" />
    <Project Path="tests/Vellum.Vault.Tests/Vellum.Vault.Tests.csproj" />
    <Project Path="tests/Vellum.Static.Tests/Vellum.Static.Tests.csproj" />
    <Project Path="tests/Vellum.InMemory.Tests/Vellum.InMemory.Tests.csproj" />
    <Project Path="tests/Vellum.EntityFrameworkCore.Tests/Vellum.EntityFrameworkCore.Tests.csproj" />
    <Project Path="tests/Vellum.Rotation.Tests/Vellum.Rotation.Tests.csproj" />
  </Folder>
  <Folder Name="/samples/">
    <Project Path="samples/Console.Static/Console.Static.csproj" />
    <Project Path="samples/FeatureFlagged/FeatureFlagged.csproj" />
    <Project Path="samples/AspNetCore.Postgres.Vault/AspNetCore.Postgres.Vault.csproj" />
  </Folder>
</Solution>
