{
  "version": 2,
  "dependencies": {
    "net10.0": {
      "Microsoft.Extensions.DependencyInjection.Abstractions": {
        "type": "Direct",
        "requested": "[9.0.17, )",
        "resolved": "9.0.17",
        "contentHash": "/Oy6N+l6aBqKKnjpBhH2MSzzKV+UbjDELuk/OkwJW0auMqWZm14aK7n+QGjscH7JosoI1ChTWf4utUGEA6m2RA=="
      },
      "Microsoft.Extensions.Http": {
        "type": "Direct",
        "requested": "[9.0.17, )",
        "resolved": "9.0.17",
        "contentHash": "okplKfAdaWNyYV20UyIVT32+8SQBIRZ6O6TVhqEAIevoK5VFEcEVsqLwZbghBGdB5qkRdEdMvMb1x6qG+C83iA==",
        "dependencies": {
          "Microsoft.Extensions.Configuration.Abstractions": "9.0.17",
          "Microsoft.Extensions.DependencyInjection.Abstractions": "9.0.17",
          "Microsoft.Extensions.Diagnostics": "9.0.17",
          "Microsoft.Extensions.Logging": "9.0.17",
          "Microsoft.Extensions.Logging.Abstractions": "9.0.17",
          "Microsoft.Extensions.Options": "9.0.17"
        }
      },
      "Microsoft.Extensions.Http.Resilience": {
        "type": "Direct",
        "requested": "[9.10.0, )",
        "resolved": "9.10.0",
        "contentHash": "4Bt58q+Oqpj4VYm3T7hcmsb1zVhmUTNNggDkjlWBIv3bv6MVRPGqIokK2tRHsD8bM4i3GkJLRWe8lQwbsWS6PQ==",
        "dependencies": {
          "Microsoft.Extensions.Http.Diagnostics": "9.10.0",
          "Microsoft.Extensions.ObjectPool": "9.0.10",
          "Microsoft.Extensions.Resilience": "9.10.0"
        }
      },
      "Microsoft.Extensions.Logging.Abstractions": {
        "type": "Direct",
        "requested": "[9.0.17, )",
        "resolved": "9.0.17",
        "contentHash": "b1onT7ZvIrpkQ9swhLqSuj1eKvOtElXig2tk7b3ckBfXUu//Y6P7rzz15qTW0SCyYqanoflPYNQ76kqGutQ3iw==",
        "dependencies": {
          "Microsoft.Extensions.DependencyInjection.Abstractions": "9.0.17"
        }
      },
      "Microsoft.Extensions.Options": {
        "type": "Direct",
        "requested": "[9.0.17, )",
        "resolved": "9.0.17",
        "contentHash": "+UNeX4y+YJ4CNzwKy8Gf2pOo2++CGFLHFha9QbzUrsutLVne6O8CD+Khz9aWuSkm+l4Wzqa7+qhyC1OGENuQ6g==",
        "dependencies": {
          "Microsoft.Extensions.DependencyInjection.Abstractions": "9.0.17",
          "Microsoft.Extensions.Primitives": "9.0.17"
        }
      },
      "Microsoft.SourceLink.GitHub": {
        "type": "Direct",
        "requested": "[8.0.0, )",
        "resolved": "8.0.0",
        "contentHash": "G5q7OqtwIyGTkeIOAc3u2ZuV/kicQaec5EaRnc0pIeSnh9LUjj+PYQrJYBURvDt7twGl2PKA7nSN0kz1Zw5bnQ==",
        "dependencies": {
          "Microsoft.Build.Tasks.Git": "8.0.0",
          "Microsoft.SourceLink.Common": "8.0.0"
        }
      },
      "Microsoft.Build.Tasks.Git": {
        "type": "Transitive",
        "resolved": "8.0.0",
        "contentHash": "bZKfSIKJRXLTuSzLudMFte/8CempWjVamNUR5eHJizsy+iuOuO/k2gnh7W0dHJmYY0tBf+gUErfluCv5mySAOQ=="
      },
      "Microsoft.Extensions.AmbientMetadata.Application": {
        "type": "Transitive",
        "resolved": "9.10.0",
        "contentHash": "ndm/eoOzk61Csn+ojv5z3Kt7YWAdUNR8ruFaf1b69kSbeqDPoV96f1GR1OWTIrCN9bm83V8CSkhvnnG+LrLTvg==",
        "dependencies": {
          "Microsoft.Extensions.Configuration": "9.0.10",
          "Microsoft.Extensions.Hosting.Abstractions": "9.0.10",
          "Microsoft.Extensions.Options.ConfigurationExtensions": "9.0.10"
        }
      },
      "Microsoft.Extensions.Compliance.Abstractions": {
        "type": "Transitive",
        "resolved": "9.10.0",
        "contentHash": "Tgu40iIg2Kr8s+BoOhb8r8kQfcagwm1VnpnMZA9fd/sD8Hlj13cNpyCfLRrYEBP+VmfmaoficQvRNEUqH+F4mw==",
        "dependencies": {
          "Microsoft.Extensions.DependencyInjection.Abstractions": "9.0.10",
          "Microsoft.Extensions.ObjectPool": "9.0.10"
        }
      },
      "Microsoft.Extensions.Configuration": {
        "type": "Transitive",
        "resolved": "9.0.17",
        "contentHash": "RKKU/0arQsthvHQpj+6gWzkJCUZ3CSnfCz6FI7zvmTX8fwJn6UvoFlO5oSW6l6z+CdO4DQsLGXK8shMVMxvtTA==",
        "dependencies": {
          "Microsoft.Extensions.Configuration.Abstractions": "9.0.17",
          "Microsoft.Extensions.Primitives": "9.0.17"
        }
      },
      "Microsoft.Extensions.Configuration.Abstractions": {
        "type": "Transitive",
        "resolved": "9.0.17",
        "contentHash": "z67yRM/b3DoKw8Nji5S9mnrtTsNqi9Mi9szlsz2kArkmvmMl9G5ctH5e/DGCEkMS4xgAhRI2C99jrjR9na+atQ==",
        "dependencies": {
          "Microsoft.Extensions.Primitives": "9.0.17"
        }
      },
      "Microsoft.Extensions.Configuration.Binder": {
        "type": "Transitive",
        "resolved": "9.0.17",
        "contentHash": "UnOSrzXlS2u1mlTDLczyxPhwI09U4JseLGlYE2noO/mFQDEmnb+/VzC4DMZ9/TUqQB8XZeQDkaEgf3k3Q+cRGA==",
        "dependencies": {
          "Microsoft.Extensions.Configuration.Abstractions": "9.0.17"
        }
      },
      "Microsoft.Extensions.DependencyInjection.AutoActivation": {
        "type": "Transitive",
        "resolved": "9.10.0",
        "contentHash": "qk5+lY0MUl7Y77TjM6HzfQPOY4CqoTg281OddyDC5iU2hf+cIxhx0VbNuJH77vqB6qyCP1OsuQmCzvlpf9yxBQ==",
        "dependencies": {
          "Microsoft.Extensions.Hosting.Abstractions": "9.0.10"
        }
      },
      "Microsoft.Extensions.Diagnostics": {
        "type": "Transitive",
        "resolved": "9.0.17",
        "contentHash": "smsRjzlGv3mkGprVOtLNk4c2DkJ53FGq7PyPFId553JuVDLjyH9COoBJ3b0s2rbaggbhCFCDDnXfFR9CIkBk4w==",
        "dependencies": {
          "Microsoft.Extensions.Configuration": "9.0.17",
          "Microsoft.Extensions.Diagnostics.Abstractions": "9.0.17",
          "Microsoft.Extensions.Options.ConfigurationExtensions": "9.0.17"
        }
      },
      "Microsoft.Extensions.Diagnostics.Abstractions": {
        "type": "Transitive",
        "resolved": "9.0.17",
        "contentHash": "PhAFaG1usEWtJ8ZLTxNYWwWIMKih3ehsLRM/MGthpMToFIPtTMpPYcL9EnIqVQD5FbmB5Hr91Dvpve0la+kCJw==",
        "dependencies": {
          "Microsoft.Extensions.DependencyInjection.Abstractions": "9.0.17",
          "Microsoft.Extensions.Options": "9.0.17"
        }
      },
      "Microsoft.Extensions.Diagnostics.ExceptionSummarization": {
        "type": "Transitive",
        "resolved": "9.10.0",
        "contentHash": "SRJgt408OA/+v2o47Kjx8Wf+rbCJMmTsbsnkuzVzeP9xfcn4dIoMJXLCKiRlDNzJ3pXLYrXmkyOSY81BehoVHw==",
        "dependencies": {
          "Microsoft.Extensions.DependencyInjection.Abstractions": "9.0.10"
        }
      },
      "Microsoft.Extensions.FileProviders.Abstractions": {
        "type": "Transitive",
        "resolved": "9.0.17",
        "contentHash": "uTkT+/Km0tEPOw9kiLTXJwXlEVQZ5IBxRQm2EvIAwebfKqqaVY/ClkgcZ7FyzzwqFkFmhklWet4Ju4yWRy5jPg==",
        "dependencies": {
          "Microsoft.Extensions.Primitives": "9.0.17"
        }
      },
      "Microsoft.Extensions.Http.Diagnostics": {
        "type": "Transitive",
        "resolved": "9.10.0",
        "contentHash": "3IJjOPm4CRmv7zzjPV+RCyvS4kWJ9BNr1k/MWgRTQds6LcIhAgwh+ToZ8O4fKMFlme0EGLvTm27ARKqp468pQw==",
        "dependencies": {
          "Microsoft.Extensions.Http": "9.0.10",
          "Microsoft.Extensions.Telemetry": "9.10.0"
        }
      },
      "Microsoft.Extensions.Logging.Configuration": {
        "type": "Transitive",
        "resolved": "9.0.10",
        "contentHash": "qwTRpxrmLOXZrbgQHRZ9wS2AtVa/61DFIYk8k1rBCCgA5qW0MBxxQC4BjkaI0wSoHHOv/IUXBeFNK+Y59qe/Ug==",
        "dependencies": {
          "Microsoft.Extensions.Configuration": "9.0.10",
          "Microsoft.Extensions.Configuration.Abstractions": "9.0.10",
          "Microsoft.Extensions.Configuration.Binder": "9.0.10",
          "Microsoft.Extensions.DependencyInjection.Abstractions": "9.0.10",
          "Microsoft.Extensions.Logging": "9.0.10",
          "Microsoft.Extensions.Logging.Abstractions": "9.0.10",
          "Microsoft.Extensions.Options": "9.0.10",
          "Microsoft.Extensions.Options.ConfigurationExtensions": "9.0.10"
        }
      },
      "Microsoft.Extensions.ObjectPool": {
        "type": "Transitive",
        "resolved": "9.0.10",
        "contentHash": "tw0jYoEdRp2AQMBYTkdCy0OKWcNaazaFQgo4KzdayTkX2N00g2hAacGd9mls4nBz6clP+87eeD0ucWyDrz+VKg=="
      },
      "Microsoft.Extensions.Primitives": {
        "type": "Transitive",
        "resolved": "9.0.17",
        "contentHash": "WBjZ/zeb6PyCLT6lpGSzNtdMyRDloFSPqjY9kIGb5rdSng03rd0+ix/jDEYU6DUjE7JVLuhggXeMONVBxBHEXg=="
      },
      "Microsoft.Extensions.Resilience": {
        "type": "Transitive",
        "resolved": "9.10.0",
        "contentHash": "tNptjYbHq73emZok4HBbpV41Afwoclga5LaKux8RV27lOA2lyQxeJFKNTWYQauJmWxxwXmwG7bgitbnIDh4eXA==",
        "dependencies": {
          "Microsoft.Extensions.Diagnostics": "9.0.10",
          "Microsoft.Extensions.Diagnostics.ExceptionSummarization": "9.10.0",
          "Microsoft.Extensions.Options.ConfigurationExtensions": "9.0.10",
          "Microsoft.Extensions.Telemetry.Abstractions": "9.10.0",
          "Polly.Extensions": "8.4.2",
          "Polly.RateLimiting": "8.4.2"
        }
      },
      "Microsoft.Extensions.Telemetry": {
        "type": "Transitive",
        "resolved": "9.10.0",
        "contentHash": "FGEOTEjMB+1T69PLp5GrG4UOsIjcdNQcoiXpC+KV9NRejl6vSMLhVqQ6g6c+cxLXzx8xc2J90GAMhD1wPHjKHg==",
        "dependencies": {
          "Microsoft.Extensions.AmbientMetadata.Application": "9.10.0",
          "Microsoft.Extensions.DependencyInjection.AutoActivation": "9.10.0",
          "Microsoft.Extensions.Logging.Configuration": "9.0.10",
          "Microsoft.Extensions.ObjectPool": "9.0.10",
          "Microsoft.Extensions.Telemetry.Abstractions": "9.10.0"
        }
      },
      "Microsoft.Extensions.Telemetry.Abstractions": {
        "type": "Transitive",
        "resolved": "9.10.0",
        "contentHash": "hJflG5if8NqElmybxXDf38d4EPopOo9H+Qg6l5LKTsavqE4CFdA5DIPb9+jjAeL22FN+rs6KuuEIuBPS4PNXvw==",
        "dependencies": {
          "Microsoft.Extensions.Compliance.Abstractions": "9.10.0",
          "Microsoft.Extensions.Logging.Abstractions": "9.0.10",
          "Microsoft.Extensions.ObjectPool": "9.0.10",
          "Microsoft.Extensions.Options": "9.0.10"
        }
      },
      "Microsoft.SourceLink.Common": {
        "type": "Transitive",
        "resolved": "8.0.0",
        "contentHash": "dk9JPxTCIevS75HyEQ0E4OVAFhB2N+V9ShCXf8Q6FkUQZDkgLI12y679Nym1YqsiSysuQskT7Z+6nUf3yab6Vw=="
      },
      "Polly.Core": {
        "type": "Transitive",
        "resolved": "8.4.2",
        "contentHash": "BpE2I6HBYYA5tF0Vn4eoQOGYTYIK1BlF5EXVgkWGn3mqUUjbXAr13J6fZVbp7Q3epRR8yshacBMlsHMhpOiV3g=="
      },
      "Polly.Extensions": {
        "type": "Transitive",
        "resolved": "8.4.2",
        "contentHash": "GZ9vRVmR0jV2JtZavt+pGUsQ1O1cuRKG7R7VOZI6ZDy9y6RNPvRvXK1tuS4ffUrv8L0FTea59oEuQzgS0R7zSA==",
        "dependencies": {
          "Microsoft.Extensions.Logging.Abstractions": "8.0.0",
          "Microsoft.Extensions.Options": "8.0.0",
          "Polly.Core": "8.4.2"
        }
      },
      "Polly.RateLimiting": {
        "type": "Transitive",
        "resolved": "8.4.2",
        "contentHash": "ehTImQ/eUyO07VYW2WvwSmU9rRH200SKJ/3jku9rOkyWE0A2JxNFmAVms8dSn49QLSjmjFRRSgfNyOgr/2PSmA==",
        "dependencies": {
          "Polly.Core": "8.4.2",
          "System.Threading.RateLimiting": "8.0.0"
        }
      },
      "System.Threading.RateLimiting": {
        "type": "Transitive",
        "resolved": "8.0.0",
        "contentHash": "7mu9v0QDv66ar3DpGSZHg9NuNcxDaaAcnMULuZlaTpP9+hwXhrxNGsF5GmLkSHxFdb5bBc1TzeujsRgTrPWi+Q=="
      },
      "vellum.abstractions": {
        "type": "Project"
      },
      "Microsoft.Extensions.DependencyInjection": {
        "type": "CentralTransitive",
        "requested": "[9.0.17, )",
        "resolved": "9.0.17",
        "contentHash": "rEx48tbgwf2oIYi3g3kj2oUV6gWqrASaYD/lmTu7fOPOdQh4/c/lTCHQpSwndI4fElsrZTXGTLjjmTJ8Qn3a6w==",
        "dependencies": {
          "Microsoft.Extensions.DependencyInjection.Abstractions": "9.0.17"
        }
      },
      "Microsoft.Extensions.Hosting.Abstractions": {
        "type": "CentralTransitive",
        "requested": "[9.0.17, )",
        "resolved": "9.0.17",
        "contentHash": "OX4esT7X+0vh5zUSTbq0Jnreoquw5CZ29YCevHMH9XhBoy6ddrJDa7Enp+ZG1NB/OHARgO6rVJYnU0V9JY3+hQ==",
        "dependencies": {
          "Microsoft.Extensions.Configuration.Abstractions": "9.0.17",
          "Microsoft.Extensions.DependencyInjection.Abstractions": "9.0.17",
          "Microsoft.Extensions.Diagnostics.Abstractions": "9.0.17",
          "Microsoft.Extensions.FileProviders.Abstractions": "9.0.17",
          "Microsoft.Extensions.Logging.Abstractions": "9.0.17"
        }
      },
      "Microsoft.Extensions.Logging": {
        "type": "CentralTransitive",
        "requested": "[9.0.17, )",
        "resolved": "9.0.17",
        "contentHash": "AVSl8TzLNiNA2CbDAdVH3qGIwY3SB3XCw7MebMnFRTF4L/BQTdvcknLTiRlJaJULMKaf3JecYiUjB6LbWAtt+g==",
        "dependencies": {
          "Microsoft.Extensions.DependencyInjection": "9.0.17",
          "Microsoft.Extensions.Logging.Abstractions": "9.0.17",
          "Microsoft.Extensions.Options": "9.0.17"
        }
      },
      "Microsoft.Extensions.Options.ConfigurationExtensions": {
        "type": "CentralTransitive",
        "requested": "[9.0.17, )",
        "resolved": "9.0.17",
        "contentHash": "DtDKGG1xP1oSYbf5C268r+YRWz+gYXu0oP5JOXM4hR6aGfeki2YFKDWiUg2B8JWcecTuwi21IbDUoU42Z3DvJw==",
        "dependencies": {
          "Microsoft.Extensions.Configuration.Abstractions": "9.0.17",
          "Microsoft.Extensions.Configuration.Binder": "9.0.17",
          "Microsoft.Extensions.DependencyInjection.Abstractions": "9.0.17",
          "Microsoft.Extensions.Options": "9.0.17",
          "Microsoft.Extensions.Primitives": "9.0.17"
        }
      }
    },
    "net8.0": {
      "Microsoft.Extensions.DependencyInjection.Abstractions": {
        "type": "Direct",
        "requested": "[9.0.17, )",
        "resolved": "9.0.17",
        "contentHash": "/Oy6N+l6aBqKKnjpBhH2MSzzKV+UbjDELuk/OkwJW0auMqWZm14aK7n+QGjscH7JosoI1ChTWf4utUGEA6m2RA=="
      },
      "Microsoft.Extensions.Http": {
        "type": "Direct",
        "requested": "[9.0.17, )",
        "resolved": "9.0.17",
        "contentHash": "okplKfAdaWNyYV20UyIVT32+8SQBIRZ6O6TVhqEAIevoK5VFEcEVsqLwZbghBGdB5qkRdEdMvMb1x6qG+C83iA==",
        "dependencies": {
          "Microsoft.Extensions.Configuration.Abstractions": "9.0.17",
          "Microsoft.Extensions.DependencyInjection.Abstractions": "9.0.17",
          "Microsoft.Extensions.Diagnostics": "9.0.17",
          "Microsoft.Extensions.Logging": "9.0.17",
          "Microsoft.Extensions.Logging.Abstractions": "9.0.17",
          "Microsoft.Extensions.Options": "9.0.17"
        }
      },
      "Microsoft.Extensions.Http.Resilience": {
        "type": "Direct",
        "requested": "[9.10.0, )",
        "resolved": "9.10.0",
        "contentHash": "4Bt58q+Oqpj4VYm3T7hcmsb1zVhmUTNNggDkjlWBIv3bv6MVRPGqIokK2tRHsD8bM4i3GkJLRWe8lQwbsWS6PQ==",
        "dependencies": {
          "Microsoft.Extensions.Http.Diagnostics": "9.10.0",
          "Microsoft.Extensions.ObjectPool": "8.0.21",
          "Microsoft.Extensions.Resilience": "9.10.0"
        }
      },
      "Microsoft.Extensions.Logging.Abstractions": {
        "type": "Direct",
        "requested": "[9.0.17, )",
        "resolved": "9.0.17",
        "contentHash": "b1onT7ZvIrpkQ9swhLqSuj1eKvOtElXig2tk7b3ckBfXUu//Y6P7rzz15qTW0SCyYqanoflPYNQ76kqGutQ3iw==",
        "dependencies": {
          "Microsoft.Extensions.DependencyInjection.Abstractions": "9.0.17",
          "System.Diagnostics.DiagnosticSource": "9.0.17"
        }
      },
      "Microsoft.Extensions.Options": {
        "type": "Direct",
        "requested": "[9.0.17, )",
        "resolved": "9.0.17",
        "contentHash": "+UNeX4y+YJ4CNzwKy8Gf2pOo2++CGFLHFha9QbzUrsutLVne6O8CD+Khz9aWuSkm+l4Wzqa7+qhyC1OGENuQ6g==",
        "dependencies": {
          "Microsoft.Extensions.DependencyInjection.Abstractions": "9.0.17",
          "Microsoft.Extensions.Primitives": "9.0.17"
        }
      },
      "Microsoft.SourceLink.GitHub": {
        "type": "Direct",
        "requested": "[8.0.0, )",
        "resolved": "8.0.0",
        "contentHash": "G5q7OqtwIyGTkeIOAc3u2ZuV/kicQaec5EaRnc0pIeSnh9LUjj+PYQrJYBURvDt7twGl2PKA7nSN0kz1Zw5bnQ==",
        "dependencies": {
          "Microsoft.Build.Tasks.Git": "8.0.0",
          "Microsoft.SourceLink.Common": "8.0.0"
        }
      },
      "Microsoft.Build.Tasks.Git": {
        "type": "Transitive",
        "resolved": "8.0.0",
        "contentHash": "bZKfSIKJRXLTuSzLudMFte/8CempWjVamNUR5eHJizsy+iuOuO/k2gnh7W0dHJmYY0tBf+gUErfluCv5mySAOQ=="
      },
      "Microsoft.Extensions.AmbientMetadata.Application": {
        "type": "Transitive",
        "resolved": "9.10.0",
        "contentHash": "ndm/eoOzk61Csn+ojv5z3Kt7YWAdUNR8ruFaf1b69kSbeqDPoV96f1GR1OWTIrCN9bm83V8CSkhvnnG+LrLTvg==",
        "dependencies": {
          "Microsoft.Extensions.Configuration": "8.0.0",
          "Microsoft.Extensions.Hosting.Abstractions": "8.0.1",
          "Microsoft.Extensions.Options.ConfigurationExtensions": "8.0.0"
        }
      },
      "Microsoft.Extensions.Compliance.Abstractions": {
        "type": "Transitive",
        "resolved": "9.10.0",
        "contentHash": "Tgu40iIg2Kr8s+BoOhb8r8kQfcagwm1VnpnMZA9fd/sD8Hlj13cNpyCfLRrYEBP+VmfmaoficQvRNEUqH+F4mw==",
        "dependencies": {
          "Microsoft.Extensions.DependencyInjection.Abstractions": "8.0.2",
          "Microsoft.Extensions.ObjectPool": "8.0.21"
        }
      },
      "Microsoft.Extensions.Configuration": {
        "type": "Transitive",
        "resolved": "9.0.17",
        "contentHash": "RKKU/0arQsthvHQpj+6gWzkJCUZ3CSnfCz6FI7zvmTX8fwJn6UvoFlO5oSW6l6z+CdO4DQsLGXK8shMVMxvtTA==",
        "dependencies": {
          "Microsoft.Extensions.Configuration.Abstractions": "9.0.17",
          "Microsoft.Extensions.Primitives": "9.0.17"
        }
      },
      "Microsoft.Extensions.Configuration.Abstractions": {
        "type": "Transitive",
        "resolved": "9.0.17",
        "contentHash": "z67yRM/b3DoKw8Nji5S9mnrtTsNqi9Mi9szlsz2kArkmvmMl9G5ctH5e/DGCEkMS4xgAhRI2C99jrjR9na+atQ==",
        "dependencies": {
          "Microsoft.Extensions.Primitives": "9.0.17"
        }
      },
      "Microsoft.Extensions.Configuration.Binder": {
        "type": "Transitive",
        "resolved": "9.0.17",
        "contentHash": "UnOSrzXlS2u1mlTDLczyxPhwI09U4JseLGlYE2noO/mFQDEmnb+/VzC4DMZ9/TUqQB8XZeQDkaEgf3k3Q+cRGA==",
        "dependencies": {
          "Microsoft.Extensions.Configuration.Abstractions": "9.0.17"
        }
      },
      "Microsoft.Extensions.DependencyInjection.AutoActivation": {
        "type": "Transitive",
        "resolved": "9.10.0",
        "contentHash": "qk5+lY0MUl7Y77TjM6HzfQPOY4CqoTg281OddyDC5iU2hf+cIxhx0VbNuJH77vqB6qyCP1OsuQmCzvlpf9yxBQ==",
        "dependencies": {
          "Microsoft.Extensions.Hosting.Abstractions": "8.0.1"
        }
      },
      "Microsoft.Extensions.Diagnostics": {
        "type": "Transitive",
        "resolved": "9.0.17",
        "contentHash": "smsRjzlGv3mkGprVOtLNk4c2DkJ53FGq7PyPFId553JuVDLjyH9COoBJ3b0s2rbaggbhCFCDDnXfFR9CIkBk4w==",
        "dependencies": {
          "Microsoft.Extensions.Configuration": "9.0.17",
          "Microsoft.Extensions.Diagnostics.Abstractions": "9.0.17",
          "Microsoft.Extensions.Options.ConfigurationExtensions": "9.0.17"
        }
      },
      "Microsoft.Extensions.Diagnostics.Abstractions": {
        "type": "Transitive",
        "resolved": "9.0.17",
        "contentHash": "PhAFaG1usEWtJ8ZLTxNYWwWIMKih3ehsLRM/MGthpMToFIPtTMpPYcL9EnIqVQD5FbmB5Hr91Dvpve0la+kCJw==",
        "dependencies": {
          "Microsoft.Extensions.DependencyInjection.Abstractions": "9.0.17",
          "Microsoft.Extensions.Options": "9.0.17",
          "System.Diagnostics.DiagnosticSource": "9.0.17"
        }
      },
      "Microsoft.Extensions.Diagnostics.ExceptionSummarization": {
        "type": "Transitive",
        "resolved": "9.10.0",
        "contentHash": "SRJgt408OA/+v2o47Kjx8Wf+rbCJMmTsbsnkuzVzeP9xfcn4dIoMJXLCKiRlDNzJ3pXLYrXmkyOSY81BehoVHw==",
        "dependencies": {
          "Microsoft.Extensions.DependencyInjection.Abstractions": "8.0.2"
        }
      },
      "Microsoft.Extensions.FileProviders.Abstractions": {
        "type": "Transitive",
        "resolved": "9.0.17",
        "contentHash": "uTkT+/Km0tEPOw9kiLTXJwXlEVQZ5IBxRQm2EvIAwebfKqqaVY/ClkgcZ7FyzzwqFkFmhklWet4Ju4yWRy5jPg==",
        "dependencies": {
          "Microsoft.Extensions.Primitives": "9.0.17"
        }
      },
      "Microsoft.Extensions.Http.Diagnostics": {
        "type": "Transitive",
        "resolved": "9.10.0",
        "contentHash": "3IJjOPm4CRmv7zzjPV+RCyvS4kWJ9BNr1k/MWgRTQds6LcIhAgwh+ToZ8O4fKMFlme0EGLvTm27ARKqp468pQw==",
        "dependencies": {
          "Microsoft.Extensions.Http": "8.0.1",
          "Microsoft.Extensions.Telemetry": "9.10.0",
          "System.IO.Pipelines": "8.0.0"
        }
      },
      "Microsoft.Extensions.Logging.Configuration": {
        "type": "Transitive",
        "resolved": "8.0.1",
        "contentHash": "QWwTrsgOnJMmn+XUslm8D2H1n3PkP/u/v52FODtyBc/k4W9r3i2vcXXeeX/upnzllJYRRbrzVzT0OclfNJtBJA==",
        "dependencies": {
          "Microsoft.Extensions.Configuration": "8.0.0",
          "Microsoft.Extensions.Configuration.Abstractions": "8.0.0",
          "Microsoft.Extensions.Configuration.Binder": "8.0.2",
          "Microsoft.Extensions.DependencyInjection.Abstractions": "8.0.2",
          "Microsoft.Extensions.Logging": "8.0.1",
          "Microsoft.Extensions.Logging.Abstractions": "8.0.2",
          "Microsoft.Extensions.Options": "8.0.2",
          "Microsoft.Extensions.Options.ConfigurationExtensions": "8.0.0"
        }
      },
      "Microsoft.Extensions.ObjectPool": {
        "type": "Transitive",
        "resolved": "8.0.21",
        "contentHash": "UBuyxD9CqasYKmwP41Skar2+f2Bk47V3NAPXh3a3Rxsmt2NTB1qynDU8zHkHWEts/07QykmzYAWLHPgHsROe0w=="
      },
      "Microsoft.Extensions.Primitives": {
        "type": "Transitive",
        "resolved": "9.0.17",
        "contentHash": "WBjZ/zeb6PyCLT6lpGSzNtdMyRDloFSPqjY9kIGb5rdSng03rd0+ix/jDEYU6DUjE7JVLuhggXeMONVBxBHEXg=="
      },
      "Microsoft.Extensions.Resilience": {
        "type": "Transitive",
        "resolved": "9.10.0",
        "contentHash": "tNptjYbHq73emZok4HBbpV41Afwoclga5LaKux8RV27lOA2lyQxeJFKNTWYQauJmWxxwXmwG7bgitbnIDh4eXA==",
        "dependencies": {
          "Microsoft.Extensions.Diagnostics": "8.0.1",
          "Microsoft.Extensions.Diagnostics.ExceptionSummarization": "9.10.0",
          "Microsoft.Extensions.Options.ConfigurationExtensions": "8.0.0",
          "Microsoft.Extensions.Telemetry.Abstractions": "9.10.0",
          "Polly.Extensions": "8.4.2",
          "Polly.RateLimiting": "8.4.2"
        }
      },
      "Microsoft.Extensions.Telemetry": {
        "type": "Transitive",
        "resolved": "9.10.0",
        "contentHash": "FGEOTEjMB+1T69PLp5GrG4UOsIjcdNQcoiXpC+KV9NRejl6vSMLhVqQ6g6c+cxLXzx8xc2J90GAMhD1wPHjKHg==",
        "dependencies": {
          "Microsoft.Extensions.AmbientMetadata.Application": "9.10.0",
          "Microsoft.Extensions.DependencyInjection.AutoActivation": "9.10.0",
          "Microsoft.Extensions.Logging.Configuration": "8.0.1",
          "Microsoft.Extensions.ObjectPool": "8.0.21",
          "Microsoft.Extensions.Telemetry.Abstractions": "9.10.0"
        }
      },
      "Microsoft.Extensions.Telemetry.Abstractions": {
        "type": "Transitive",
        "resolved": "9.10.0",
        "contentHash": "hJflG5if8NqElmybxXDf38d4EPopOo9H+Qg6l5LKTsavqE4CFdA5DIPb9+jjAeL22FN+rs6KuuEIuBPS4PNXvw==",
        "dependencies": {
          "Microsoft.Extensions.Compliance.Abstractions": "9.10.0",
          "Microsoft.Extensions.Logging.Abstractions": "8.0.3",
          "Microsoft.Extensions.ObjectPool": "8.0.21",
          "Microsoft.Extensions.Options": "8.0.2"
        }
      },
      "Microsoft.SourceLink.Common": {
        "type": "Transitive",
        "resolved": "8.0.0",
        "contentHash": "dk9JPxTCIevS75HyEQ0E4OVAFhB2N+V9ShCXf8Q6FkUQZDkgLI12y679Nym1YqsiSysuQskT7Z+6nUf3yab6Vw=="
      },
      "Polly.Core": {
        "type": "Transitive",
        "resolved": "8.4.2",
        "contentHash": "BpE2I6HBYYA5tF0Vn4eoQOGYTYIK1BlF5EXVgkWGn3mqUUjbXAr13J6fZVbp7Q3epRR8yshacBMlsHMhpOiV3g=="
      },
      "Polly.Extensions": {
        "type": "Transitive",
        "resolved": "8.4.2",
        "contentHash": "GZ9vRVmR0jV2JtZavt+pGUsQ1O1cuRKG7R7VOZI6ZDy9y6RNPvRvXK1tuS4ffUrv8L0FTea59oEuQzgS0R7zSA==",
        "dependencies": {
          "Microsoft.Extensions.Logging.Abstractions": "8.0.0",
          "Microsoft.Extensions.Options": "8.0.0",
          "Polly.Core": "8.4.2"
        }
      },
      "Polly.RateLimiting": {
        "type": "Transitive",
        "resolved": "8.4.2",
        "contentHash": "ehTImQ/eUyO07VYW2WvwSmU9rRH200SKJ/3jku9rOkyWE0A2JxNFmAVms8dSn49QLSjmjFRRSgfNyOgr/2PSmA==",
        "dependencies": {
          "Polly.Core": "8.4.2",
          "System.Threading.RateLimiting": "8.0.0"
        }
      },
      "System.Diagnostics.DiagnosticSource": {
        "type": "Transitive",
        "resolved": "9.0.17",
        "contentHash": "LnggxXVmkaGgG6JJ+fq1Jog5XYDwL/Me+rJg6ODvx/HiRHocUGED0K/CsOd/s1RJv+Lsi6tTf2Rnw25jyDG5BA=="
      },
      "System.IO.Pipelines": {
        "type": "Transitive",
        "resolved": "8.0.0",
        "contentHash": "FHNOatmUq0sqJOkTx+UF/9YK1f180cnW5FVqnQMvYUN0elp6wFzbtPSiqbo1/ru8ICp43JM1i7kKkk6GsNGHlA=="
      },
      "System.Threading.RateLimiting": {
        "type": "Transitive",
        "resolved": "8.0.0",
        "contentHash": "7mu9v0QDv66ar3DpGSZHg9NuNcxDaaAcnMULuZlaTpP9+hwXhrxNGsF5GmLkSHxFdb5bBc1TzeujsRgTrPWi+Q=="
      },
      "vellum.abstractions": {
        "type": "Project"
      },
      "Microsoft.Extensions.DependencyInjection": {
        "type": "CentralTransitive",
        "requested": "[9.0.17, )",
        "resolved": "9.0.17",
        "contentHash": "rEx48tbgwf2oIYi3g3kj2oUV6gWqrASaYD/lmTu7fOPOdQh4/c/lTCHQpSwndI4fElsrZTXGTLjjmTJ8Qn3a6w==",
        "dependencies": {
          "Microsoft.Extensions.DependencyInjection.Abstractions": "9.0.17"
        }
      },
      "Microsoft.Extensions.Hosting.Abstractions": {
        "type": "CentralTransitive",
        "requested": "[9.0.17, )",
        "resolved": "9.0.17",
        "contentHash": "OX4esT7X+0vh5zUSTbq0Jnreoquw5CZ29YCevHMH9XhBoy6ddrJDa7Enp+ZG1NB/OHARgO6rVJYnU0V9JY3+hQ==",
        "dependencies": {
          "Microsoft.Extensions.Configuration.Abstractions": "9.0.17",
          "Microsoft.Extensions.DependencyInjection.Abstractions": "9.0.17",
          "Microsoft.Extensions.Diagnostics.Abstractions": "9.0.17",
          "Microsoft.Extensions.FileProviders.Abstractions": "9.0.17",
          "Microsoft.Extensions.Logging.Abstractions": "9.0.17"
        }
      },
      "Microsoft.Extensions.Logging": {
        "type": "CentralTransitive",
        "requested": "[9.0.17, )",
        "resolved": "9.0.17",
        "contentHash": "AVSl8TzLNiNA2CbDAdVH3qGIwY3SB3XCw7MebMnFRTF4L/BQTdvcknLTiRlJaJULMKaf3JecYiUjB6LbWAtt+g==",
        "dependencies": {
          "Microsoft.Extensions.DependencyInjection": "9.0.17",
          "Microsoft.Extensions.Logging.Abstractions": "9.0.17",
          "Microsoft.Extensions.Options": "9.0.17"
        }
      },
      "Microsoft.Extensions.Options.ConfigurationExtensions": {
        "type": "CentralTransitive",
        "requested": "[9.0.17, )",
        "resolved": "9.0.17",
        "contentHash": "DtDKGG1xP1oSYbf5C268r+YRWz+gYXu0oP5JOXM4hR6aGfeki2YFKDWiUg2B8JWcecTuwi21IbDUoU42Z3DvJw==",
        "dependencies": {
          "Microsoft.Extensions.Configuration.Abstractions": "9.0.17",
          "Microsoft.Extensions.Configuration.Binder": "9.0.17",
          "Microsoft.Extensions.DependencyInjection.Abstractions": "9.0.17",
          "Microsoft.Extensions.Options": "9.0.17",
          "Microsoft.Extensions.Primitives": "9.0.17"
        }
      }
    },
    "net9.0": {
      "Microsoft.Extensions.DependencyInjection.Abstractions": {
        "type": "Direct",
        "requested": "[9.0.17, )",
        "resolved": "9.0.17",
        "contentHash": "/Oy6N+l6aBqKKnjpBhH2MSzzKV+UbjDELuk/OkwJW0auMqWZm14aK7n+QGjscH7JosoI1ChTWf4utUGEA6m2RA=="
      },
      "Microsoft.Extensions.Http": {
        "type": "Direct",
        "requested": "[9.0.17, )",
        "resolved": "9.0.17",
        "contentHash": "okplKfAdaWNyYV20UyIVT32+8SQBIRZ6O6TVhqEAIevoK5VFEcEVsqLwZbghBGdB5qkRdEdMvMb1x6qG+C83iA==",
        "dependencies": {
          "Microsoft.Extensions.Configuration.Abstractions": "9.0.17",
          "Microsoft.Extensions.DependencyInjection.Abstractions": "9.0.17",
          "Microsoft.Extensions.Diagnostics": "9.0.17",
          "Microsoft.Extensions.Logging": "9.0.17",
          "Microsoft.Extensions.Logging.Abstractions": "9.0.17",
          "Microsoft.Extensions.Options": "9.0.17"
        }
      },
      "Microsoft.Extensions.Http.Resilience": {
        "type": "Direct",
        "requested": "[9.10.0, )",
        "resolved": "9.10.0",
        "contentHash": "4Bt58q+Oqpj4VYm3T7hcmsb1zVhmUTNNggDkjlWBIv3bv6MVRPGqIokK2tRHsD8bM4i3GkJLRWe8lQwbsWS6PQ==",
        "dependencies": {
          "Microsoft.Extensions.Http.Diagnostics": "9.10.0",
          "Microsoft.Extensions.ObjectPool": "9.0.10",
          "Microsoft.Extensions.Resilience": "9.10.0"
        }
      },
      "Microsoft.Extensions.Logging.Abstractions": {
        "type": "Direct",
        "requested": "[9.0.17, )",
        "resolved": "9.0.17",
        "contentHash": "b1onT7ZvIrpkQ9swhLqSuj1eKvOtElXig2tk7b3ckBfXUu//Y6P7rzz15qTW0SCyYqanoflPYNQ76kqGutQ3iw==",
        "dependencies": {
          "Microsoft.Extensions.DependencyInjection.Abstractions": "9.0.17"
        }
      },
      "Microsoft.Extensions.Options": {
        "type": "Direct",
        "requested": "[9.0.17, )",
        "resolved": "9.0.17",
        "contentHash": "+UNeX4y+YJ4CNzwKy8Gf2pOo2++CGFLHFha9QbzUrsutLVne6O8CD+Khz9aWuSkm+l4Wzqa7+qhyC1OGENuQ6g==",
        "dependencies": {
          "Microsoft.Extensions.DependencyInjection.Abstractions": "9.0.17",
          "Microsoft.Extensions.Primitives": "9.0.17"
        }
      },
      "Microsoft.SourceLink.GitHub": {
        "type": "Direct",
        "requested": "[8.0.0, )",
        "resolved": "8.0.0",
        "contentHash": "G5q7OqtwIyGTkeIOAc3u2ZuV/kicQaec5EaRnc0pIeSnh9LUjj+PYQrJYBURvDt7twGl2PKA7nSN0kz1Zw5bnQ==",
        "dependencies": {
          "Microsoft.Build.Tasks.Git": "8.0.0",
          "Microsoft.SourceLink.Common": "8.0.0"
        }
      },
      "Microsoft.Build.Tasks.Git": {
        "type": "Transitive",
        "resolved": "8.0.0",
        "contentHash": "bZKfSIKJRXLTuSzLudMFte/8CempWjVamNUR5eHJizsy+iuOuO/k2gnh7W0dHJmYY0tBf+gUErfluCv5mySAOQ=="
      },
      "Microsoft.Extensions.AmbientMetadata.Application": {
        "type": "Transitive",
        "resolved": "9.10.0",
        "contentHash": "ndm/eoOzk61Csn+ojv5z3Kt7YWAdUNR8ruFaf1b69kSbeqDPoV96f1GR1OWTIrCN9bm83V8CSkhvnnG+LrLTvg==",
        "dependencies": {
          "Microsoft.Extensions.Configuration": "9.0.10",
          "Microsoft.Extensions.Hosting.Abstractions": "9.0.10",
          "Microsoft.Extensions.Options.ConfigurationExtensions": "9.0.10"
        }
      },
      "Microsoft.Extensions.Compliance.Abstractions": {
        "type": "Transitive",
        "resolved": "9.10.0",
        "contentHash": "Tgu40iIg2Kr8s+BoOhb8r8kQfcagwm1VnpnMZA9fd/sD8Hlj13cNpyCfLRrYEBP+VmfmaoficQvRNEUqH+F4mw==",
        "dependencies": {
          "Microsoft.Extensions.DependencyInjection.Abstractions": "9.0.10",
          "Microsoft.Extensions.ObjectPool": "9.0.10"
        }
      },
      "Microsoft.Extensions.Configuration": {
        "type": "Transitive",
        "resolved": "9.0.17",
        "contentHash": "RKKU/0arQsthvHQpj+6gWzkJCUZ3CSnfCz6FI7zvmTX8fwJn6UvoFlO5oSW6l6z+CdO4DQsLGXK8shMVMxvtTA==",
        "dependencies": {
          "Microsoft.Extensions.Configuration.Abstractions": "9.0.17",
          "Microsoft.Extensions.Primitives": "9.0.17"
        }
      },
      "Microsoft.Extensions.Configuration.Abstractions": {
        "type": "Transitive",
        "resolved": "9.0.17",
        "contentHash": "z67yRM/b3DoKw8Nji5S9mnrtTsNqi9Mi9szlsz2kArkmvmMl9G5ctH5e/DGCEkMS4xgAhRI2C99jrjR9na+atQ==",
        "dependencies": {
          "Microsoft.Extensions.Primitives": "9.0.17"
        }
      },
      "Microsoft.Extensions.Configuration.Binder": {
        "type": "Transitive",
        "resolved": "9.0.17",
        "contentHash": "UnOSrzXlS2u1mlTDLczyxPhwI09U4JseLGlYE2noO/mFQDEmnb+/VzC4DMZ9/TUqQB8XZeQDkaEgf3k3Q+cRGA==",
        "dependencies": {
          "Microsoft.Extensions.Configuration.Abstractions": "9.0.17"
        }
      },
      "Microsoft.Extensions.DependencyInjection.AutoActivation": {
        "type": "Transitive",
        "resolved": "9.10.0",
        "contentHash": "qk5+lY0MUl7Y77TjM6HzfQPOY4CqoTg281OddyDC5iU2hf+cIxhx0VbNuJH77vqB6qyCP1OsuQmCzvlpf9yxBQ==",
        "dependencies": {
          "Microsoft.Extensions.Hosting.Abstractions": "9.0.10"
        }
      },
      "Microsoft.Extensions.Diagnostics": {
        "type": "Transitive",
        "resolved": "9.0.17",
        "contentHash": "smsRjzlGv3mkGprVOtLNk4c2DkJ53FGq7PyPFId553JuVDLjyH9COoBJ3b0s2rbaggbhCFCDDnXfFR9CIkBk4w==",
        "dependencies": {
          "Microsoft.Extensions.Configuration": "9.0.17",
          "Microsoft.Extensions.Diagnostics.Abstractions": "9.0.17",
          "Microsoft.Extensions.Options.ConfigurationExtensions": "9.0.17"
        }
      },
      "Microsoft.Extensions.Diagnostics.Abstractions": {
        "type": "Transitive",
        "resolved": "9.0.17",
        "contentHash": "PhAFaG1usEWtJ8ZLTxNYWwWIMKih3ehsLRM/MGthpMToFIPtTMpPYcL9EnIqVQD5FbmB5Hr91Dvpve0la+kCJw==",
        "dependencies": {
          "Microsoft.Extensions.DependencyInjection.Abstractions": "9.0.17",
          "Microsoft.Extensions.Options": "9.0.17"
        }
      },
      "Microsoft.Extensions.Diagnostics.ExceptionSummarization": {
        "type": "Transitive",
        "resolved": "9.10.0",
        "contentHash": "SRJgt408OA/+v2o47Kjx8Wf+rbCJMmTsbsnkuzVzeP9xfcn4dIoMJXLCKiRlDNzJ3pXLYrXmkyOSY81BehoVHw==",
        "dependencies": {
          "Microsoft.Extensions.DependencyInjection.Abstractions": "9.0.10"
        }
      },
      "Microsoft.Extensions.FileProviders.Abstractions": {
        "type": "Transitive",
        "resolved": "9.0.17",
        "contentHash": "uTkT+/Km0tEPOw9kiLTXJwXlEVQZ5IBxRQm2EvIAwebfKqqaVY/ClkgcZ7FyzzwqFkFmhklWet4Ju4yWRy5jPg==",
        "dependencies": {
          "Microsoft.Extensions.Primitives": "9.0.17"
        }
      },
      "Microsoft.Extensions.Http.Diagnostics": {
        "type": "Transitive",
        "resolved": "9.10.0",
        "contentHash": "3IJjOPm4CRmv7zzjPV+RCyvS4kWJ9BNr1k/MWgRTQds6LcIhAgwh+ToZ8O4fKMFlme0EGLvTm27ARKqp468pQw==",
        "dependencies": {
          "Microsoft.Extensions.Http": "9.0.10",
          "Microsoft.Extensions.Telemetry": "9.10.0"
        }
      },
      "Microsoft.Extensions.Logging.Configuration": {
        "type": "Transitive",
        "resolved": "9.0.10",
        "contentHash": "qwTRpxrmLOXZrbgQHRZ9wS2AtVa/61DFIYk8k1rBCCgA5qW0MBxxQC4BjkaI0wSoHHOv/IUXBeFNK+Y59qe/Ug==",
        "dependencies": {
          "Microsoft.Extensions.Configuration": "9.0.10",
          "Microsoft.Extensions.Configuration.Abstractions": "9.0.10",
          "Microsoft.Extensions.Configuration.Binder": "9.0.10",
          "Microsoft.Extensions.DependencyInjection.Abstractions": "9.0.10",
          "Microsoft.Extensions.Logging": "9.0.10",
          "Microsoft.Extensions.Logging.Abstractions": "9.0.10",
          "Microsoft.Extensions.Options": "9.0.10",
          "Microsoft.Extensions.Options.ConfigurationExtensions": "9.0.10"
        }
      },
      "Microsoft.Extensions.ObjectPool": {
        "type": "Transitive",
        "resolved": "9.0.10",
        "contentHash": "tw0jYoEdRp2AQMBYTkdCy0OKWcNaazaFQgo4KzdayTkX2N00g2hAacGd9mls4nBz6clP+87eeD0ucWyDrz+VKg=="
      },
      "Microsoft.Extensions.Primitives": {
        "type": "Transitive",
        "resolved": "9.0.17",
        "contentHash": "WBjZ/zeb6PyCLT6lpGSzNtdMyRDloFSPqjY9kIGb5rdSng03rd0+ix/jDEYU6DUjE7JVLuhggXeMONVBxBHEXg=="
      },
      "Microsoft.Extensions.Resilience": {
        "type": "Transitive",
        "resolved": "9.10.0",
        "contentHash": "tNptjYbHq73emZok4HBbpV41Afwoclga5LaKux8RV27lOA2lyQxeJFKNTWYQauJmWxxwXmwG7bgitbnIDh4eXA==",
        "dependencies": {
          "Microsoft.Extensions.Diagnostics": "9.0.10",
          "Microsoft.Extensions.Diagnostics.ExceptionSummarization": "9.10.0",
          "Microsoft.Extensions.Options.ConfigurationExtensions": "9.0.10",
          "Microsoft.Extensions.Telemetry.Abstractions": "9.10.0",
          "Polly.Extensions": "8.4.2",
          "Polly.RateLimiting": "8.4.2"
        }
      },
      "Microsoft.Extensions.Telemetry": {
        "type": "Transitive",
        "resolved": "9.10.0",
        "contentHash": "FGEOTEjMB+1T69PLp5GrG4UOsIjcdNQcoiXpC+KV9NRejl6vSMLhVqQ6g6c+cxLXzx8xc2J90GAMhD1wPHjKHg==",
        "dependencies": {
          "Microsoft.Extensions.AmbientMetadata.Application": "9.10.0",
          "Microsoft.Extensions.DependencyInjection.AutoActivation": "9.10.0",
          "Microsoft.Extensions.Logging.Configuration": "9.0.10",
          "Microsoft.Extensions.ObjectPool": "9.0.10",
          "Microsoft.Extensions.Telemetry.Abstractions": "9.10.0"
        }
      },
      "Microsoft.Extensions.Telemetry.Abstractions": {
        "type": "Transitive",
        "resolved": "9.10.0",
        "contentHash": "hJflG5if8NqElmybxXDf38d4EPopOo9H+Qg6l5LKTsavqE4CFdA5DIPb9+jjAeL22FN+rs6KuuEIuBPS4PNXvw==",
        "dependencies": {
          "Microsoft.Extensions.Compliance.Abstractions": "9.10.0",
          "Microsoft.Extensions.Logging.Abstractions": "9.0.10",
          "Microsoft.Extensions.ObjectPool": "9.0.10",
          "Microsoft.Extensions.Options": "9.0.10"
        }
      },
      "Microsoft.SourceLink.Common": {
        "type": "Transitive",
        "resolved": "8.0.0",
        "contentHash": "dk9JPxTCIevS75HyEQ0E4OVAFhB2N+V9ShCXf8Q6FkUQZDkgLI12y679Nym1YqsiSysuQskT7Z+6nUf3yab6Vw=="
      },
      "Polly.Core": {
        "type": "Transitive",
        "resolved": "8.4.2",
        "contentHash": "BpE2I6HBYYA5tF0Vn4eoQOGYTYIK1BlF5EXVgkWGn3mqUUjbXAr13J6fZVbp7Q3epRR8yshacBMlsHMhpOiV3g=="
      },
      "Polly.Extensions": {
        "type": "Transitive",
        "resolved": "8.4.2",
        "contentHash": "GZ9vRVmR0jV2JtZavt+pGUsQ1O1cuRKG7R7VOZI6ZDy9y6RNPvRvXK1tuS4ffUrv8L0FTea59oEuQzgS0R7zSA==",
        "dependencies": {
          "Microsoft.Extensions.Logging.Abstractions": "8.0.0",
          "Microsoft.Extensions.Options": "8.0.0",
          "Polly.Core": "8.4.2"
        }
      },
      "Polly.RateLimiting": {
        "type": "Transitive",
        "resolved": "8.4.2",
        "contentHash": "ehTImQ/eUyO07VYW2WvwSmU9rRH200SKJ/3jku9rOkyWE0A2JxNFmAVms8dSn49QLSjmjFRRSgfNyOgr/2PSmA==",
        "dependencies": {
          "Polly.Core": "8.4.2",
          "System.Threading.RateLimiting": "8.0.0"
        }
      },
      "System.Threading.RateLimiting": {
        "type": "Transitive",
        "resolved": "8.0.0",
        "contentHash": "7mu9v0QDv66ar3DpGSZHg9NuNcxDaaAcnMULuZlaTpP9+hwXhrxNGsF5GmLkSHxFdb5bBc1TzeujsRgTrPWi+Q=="
      },
      "vellum.abstractions": {
        "type": "Project"
      },
      "Microsoft.Extensions.DependencyInjection": {
        "type": "CentralTransitive",
        "requested": "[9.0.17, )",
        "resolved": "9.0.17",
        "contentHash": "rEx48tbgwf2oIYi3g3kj2oUV6gWqrASaYD/lmTu7fOPOdQh4/c/lTCHQpSwndI4fElsrZTXGTLjjmTJ8Qn3a6w==",
        "dependencies": {
          "Microsoft.Extensions.DependencyInjection.Abstractions": "9.0.17"
        }
      },
      "Microsoft.Extensions.Hosting.Abstractions": {
        "type": "CentralTransitive",
        "requested": "[9.0.17, )",
        "resolved": "9.0.17",
        "contentHash": "OX4esT7X+0vh5zUSTbq0Jnreoquw5CZ29YCevHMH9XhBoy6ddrJDa7Enp+ZG1NB/OHARgO6rVJYnU0V9JY3+hQ==",
        "dependencies": {
          "Microsoft.Extensions.Configuration.Abstractions": "9.0.17",
          "Microsoft.Extensions.DependencyInjection.Abstractions": "9.0.17",
          "Microsoft.Extensions.Diagnostics.Abstractions": "9.0.17",
          "Microsoft.Extensions.FileProviders.Abstractions": "9.0.17",
          "Microsoft.Extensions.Logging.Abstractions": "9.0.17"
        }
      },
      "Microsoft.Extensions.Logging": {
        "type": "CentralTransitive",
        "requested": "[9.0.17, )",
        "resolved": "9.0.17",
        "contentHash": "AVSl8TzLNiNA2CbDAdVH3qGIwY3SB3XCw7MebMnFRTF4L/BQTdvcknLTiRlJaJULMKaf3JecYiUjB6LbWAtt+g==",
        "dependencies": {
          "Microsoft.Extensions.DependencyInjection": "9.0.17",
          "Microsoft.Extensions.Logging.Abstractions": "9.0.17",
          "Microsoft.Extensions.Options": "9.0.17"
        }
      },
      "Microsoft.Extensions.Options.ConfigurationExtensions": {
        "type": "CentralTransitive",
        "requested": "[9.0.17, )",
        "resolved": "9.0.17",
        "contentHash": "DtDKGG1xP1oSYbf5C268r+YRWz+gYXu0oP5JOXM4hR6aGfeki2YFKDWiUg2B8JWcecTuwi21IbDUoU42Z3DvJw==",
        "dependencies": {
          "Microsoft.Extensions.Configuration.Abstractions": "9.0.17",
          "Microsoft.Extensions.Configuration.Binder": "9.0.17",
          "Microsoft.Extensions.DependencyInjection.Abstractions": "9.0.17",
          "Microsoft.Extensions.Options": "9.0.17",
          "Microsoft.Extensions.Primitives": "9.0.17"
        }
      }
    }
  }
}