{
  "version": 2,
  "dependencies": {
    "net10.0": {
      "Microsoft.Extensions.Primitives": {
        "type": "Transitive",
        "resolved": "9.0.17",
        "contentHash": "WBjZ/zeb6PyCLT6lpGSzNtdMyRDloFSPqjY9kIGb5rdSng03rd0+ix/jDEYU6DUjE7JVLuhggXeMONVBxBHEXg=="
      },
      "vellum.abstractions": {
        "type": "Project"
      },
      "vellum.core": {
        "type": "Project",
        "dependencies": {
          "Microsoft.Extensions.Caching.Memory": "[9.0.17, )",
          "Microsoft.Extensions.DependencyInjection.Abstractions": "[9.0.17, )",
          "Microsoft.Extensions.Logging.Abstractions": "[9.0.17, )",
          "Microsoft.Extensions.Options": "[9.0.17, )",
          "Vellum.Abstractions": "[0.2.0, )"
        }
      },
      "vellum.inmemory": {
        "type": "Project",
        "dependencies": {
          "Microsoft.Extensions.DependencyInjection.Abstractions": "[9.0.17, )",
          "Microsoft.Extensions.Logging.Abstractions": "[9.0.17, )",
          "Vellum.Abstractions": "[0.2.0, )"
        }
      },
      "vellum.static": {
        "type": "Project",
        "dependencies": {
          "Microsoft.Extensions.DependencyInjection.Abstractions": "[9.0.17, )",
          "Microsoft.Extensions.Logging.Abstractions": "[9.0.17, )",
          "Microsoft.Extensions.Options": "[9.0.17, )",
          "Vellum.Abstractions": "[0.2.0, )"
        }
      },
      "Microsoft.Extensions.Caching.Abstractions": {
        "type": "CentralTransitive",
        "requested": "[9.0.17, )",
        "resolved": "9.0.17",
        "contentHash": "Qye4QW5qfMtKETNeprziwg0qvPde+9RW8hIdIFn/NGOG+HFCeoa6ZAYDQOAkTqzgrsBCz9HWaJmC0B+F1mFHFA==",
        "dependencies": {
          "Microsoft.Extensions.Primitives": "9.0.17"
        }
      },
      "Microsoft.Extensions.Caching.Memory": {
        "type": "CentralTransitive",
        "requested": "[9.0.17, )",
        "resolved": "9.0.17",
        "contentHash": "S+hC0Xj9LTHpQtY8AoT7+lIgK1wEfIFYUO9+Y5FHKrGgpsgukcJ1SgdQuXgv5lnM0R0vupxXK+JTYzVX/PYhoA==",
        "dependencies": {
          "Microsoft.Extensions.Caching.Abstractions": "9.0.17",
          "Microsoft.Extensions.DependencyInjection.Abstractions": "9.0.17",
          "Microsoft.Extensions.Logging.Abstractions": "9.0.17",
          "Microsoft.Extensions.Options": "9.0.17",
          "Microsoft.Extensions.Primitives": "9.0.17"
        }
      },
      "Microsoft.Extensions.DependencyInjection.Abstractions": {
        "type": "CentralTransitive",
        "requested": "[9.0.17, )",
        "resolved": "9.0.17",
        "contentHash": "/Oy6N+l6aBqKKnjpBhH2MSzzKV+UbjDELuk/OkwJW0auMqWZm14aK7n+QGjscH7JosoI1ChTWf4utUGEA6m2RA=="
      },
      "Microsoft.Extensions.Logging.Abstractions": {
        "type": "CentralTransitive",
        "requested": "[9.0.17, )",
        "resolved": "9.0.17",
        "contentHash": "b1onT7ZvIrpkQ9swhLqSuj1eKvOtElXig2tk7b3ckBfXUu//Y6P7rzz15qTW0SCyYqanoflPYNQ76kqGutQ3iw==",
        "dependencies": {
          "Microsoft.Extensions.DependencyInjection.Abstractions": "9.0.17"
        }
      },
      "Microsoft.Extensions.Options": {
        "type": "CentralTransitive",
        "requested": "[9.0.17, )",
        "resolved": "9.0.17",
        "contentHash": "+UNeX4y+YJ4CNzwKy8Gf2pOo2++CGFLHFha9QbzUrsutLVne6O8CD+Khz9aWuSkm+l4Wzqa7+qhyC1OGENuQ6g==",
        "dependencies": {
          "Microsoft.Extensions.DependencyInjection.Abstractions": "9.0.17",
          "Microsoft.Extensions.Primitives": "9.0.17"
        }
      }
    },
    "net8.0": {
      "Microsoft.Extensions.Primitives": {
        "type": "Transitive",
        "resolved": "9.0.17",
        "contentHash": "WBjZ/zeb6PyCLT6lpGSzNtdMyRDloFSPqjY9kIGb5rdSng03rd0+ix/jDEYU6DUjE7JVLuhggXeMONVBxBHEXg=="
      },
      "System.Diagnostics.DiagnosticSource": {
        "type": "Transitive",
        "resolved": "9.0.17",
        "contentHash": "LnggxXVmkaGgG6JJ+fq1Jog5XYDwL/Me+rJg6ODvx/HiRHocUGED0K/CsOd/s1RJv+Lsi6tTf2Rnw25jyDG5BA=="
      },
      "vellum.abstractions": {
        "type": "Project"
      },
      "vellum.core": {
        "type": "Project",
        "dependencies": {
          "Microsoft.Extensions.Caching.Memory": "[9.0.17, )",
          "Microsoft.Extensions.DependencyInjection.Abstractions": "[9.0.17, )",
          "Microsoft.Extensions.Logging.Abstractions": "[9.0.17, )",
          "Microsoft.Extensions.Options": "[9.0.17, )",
          "Vellum.Abstractions": "[0.2.0, )"
        }
      },
      "vellum.inmemory": {
        "type": "Project",
        "dependencies": {
          "Microsoft.Extensions.DependencyInjection.Abstractions": "[9.0.17, )",
          "Microsoft.Extensions.Logging.Abstractions": "[9.0.17, )",
          "Vellum.Abstractions": "[0.2.0, )"
        }
      },
      "vellum.static": {
        "type": "Project",
        "dependencies": {
          "Microsoft.Extensions.DependencyInjection.Abstractions": "[9.0.17, )",
          "Microsoft.Extensions.Logging.Abstractions": "[9.0.17, )",
          "Microsoft.Extensions.Options": "[9.0.17, )",
          "Vellum.Abstractions": "[0.2.0, )"
        }
      },
      "Microsoft.Extensions.Caching.Abstractions": {
        "type": "CentralTransitive",
        "requested": "[9.0.17, )",
        "resolved": "9.0.17",
        "contentHash": "Qye4QW5qfMtKETNeprziwg0qvPde+9RW8hIdIFn/NGOG+HFCeoa6ZAYDQOAkTqzgrsBCz9HWaJmC0B+F1mFHFA==",
        "dependencies": {
          "Microsoft.Extensions.Primitives": "9.0.17"
        }
      },
      "Microsoft.Extensions.Caching.Memory": {
        "type": "CentralTransitive",
        "requested": "[9.0.17, )",
        "resolved": "9.0.17",
        "contentHash": "S+hC0Xj9LTHpQtY8AoT7+lIgK1wEfIFYUO9+Y5FHKrGgpsgukcJ1SgdQuXgv5lnM0R0vupxXK+JTYzVX/PYhoA==",
        "dependencies": {
          "Microsoft.Extensions.Caching.Abstractions": "9.0.17",
          "Microsoft.Extensions.DependencyInjection.Abstractions": "9.0.17",
          "Microsoft.Extensions.Logging.Abstractions": "9.0.17",
          "Microsoft.Extensions.Options": "9.0.17",
          "Microsoft.Extensions.Primitives": "9.0.17"
        }
      },
      "Microsoft.Extensions.DependencyInjection.Abstractions": {
        "type": "CentralTransitive",
        "requested": "[9.0.17, )",
        "resolved": "9.0.17",
        "contentHash": "/Oy6N+l6aBqKKnjpBhH2MSzzKV+UbjDELuk/OkwJW0auMqWZm14aK7n+QGjscH7JosoI1ChTWf4utUGEA6m2RA=="
      },
      "Microsoft.Extensions.Logging.Abstractions": {
        "type": "CentralTransitive",
        "requested": "[9.0.17, )",
        "resolved": "9.0.17",
        "contentHash": "b1onT7ZvIrpkQ9swhLqSuj1eKvOtElXig2tk7b3ckBfXUu//Y6P7rzz15qTW0SCyYqanoflPYNQ76kqGutQ3iw==",
        "dependencies": {
          "Microsoft.Extensions.DependencyInjection.Abstractions": "9.0.17",
          "System.Diagnostics.DiagnosticSource": "9.0.17"
        }
      },
      "Microsoft.Extensions.Options": {
        "type": "CentralTransitive",
        "requested": "[9.0.17, )",
        "resolved": "9.0.17",
        "contentHash": "+UNeX4y+YJ4CNzwKy8Gf2pOo2++CGFLHFha9QbzUrsutLVne6O8CD+Khz9aWuSkm+l4Wzqa7+qhyC1OGENuQ6g==",
        "dependencies": {
          "Microsoft.Extensions.DependencyInjection.Abstractions": "9.0.17",
          "Microsoft.Extensions.Primitives": "9.0.17"
        }
      }
    },
    "net9.0": {
      "Microsoft.Extensions.Primitives": {
        "type": "Transitive",
        "resolved": "9.0.17",
        "contentHash": "WBjZ/zeb6PyCLT6lpGSzNtdMyRDloFSPqjY9kIGb5rdSng03rd0+ix/jDEYU6DUjE7JVLuhggXeMONVBxBHEXg=="
      },
      "vellum.abstractions": {
        "type": "Project"
      },
      "vellum.core": {
        "type": "Project",
        "dependencies": {
          "Microsoft.Extensions.Caching.Memory": "[9.0.17, )",
          "Microsoft.Extensions.DependencyInjection.Abstractions": "[9.0.17, )",
          "Microsoft.Extensions.Logging.Abstractions": "[9.0.17, )",
          "Microsoft.Extensions.Options": "[9.0.17, )",
          "Vellum.Abstractions": "[0.2.0, )"
        }
      },
      "vellum.inmemory": {
        "type": "Project",
        "dependencies": {
          "Microsoft.Extensions.DependencyInjection.Abstractions": "[9.0.17, )",
          "Microsoft.Extensions.Logging.Abstractions": "[9.0.17, )",
          "Vellum.Abstractions": "[0.2.0, )"
        }
      },
      "vellum.static": {
        "type": "Project",
        "dependencies": {
          "Microsoft.Extensions.DependencyInjection.Abstractions": "[9.0.17, )",
          "Microsoft.Extensions.Logging.Abstractions": "[9.0.17, )",
          "Microsoft.Extensions.Options": "[9.0.17, )",
          "Vellum.Abstractions": "[0.2.0, )"
        }
      },
      "Microsoft.Extensions.Caching.Abstractions": {
        "type": "CentralTransitive",
        "requested": "[9.0.17, )",
        "resolved": "9.0.17",
        "contentHash": "Qye4QW5qfMtKETNeprziwg0qvPde+9RW8hIdIFn/NGOG+HFCeoa6ZAYDQOAkTqzgrsBCz9HWaJmC0B+F1mFHFA==",
        "dependencies": {
          "Microsoft.Extensions.Primitives": "9.0.17"
        }
      },
      "Microsoft.Extensions.Caching.Memory": {
        "type": "CentralTransitive",
        "requested": "[9.0.17, )",
        "resolved": "9.0.17",
        "contentHash": "S+hC0Xj9LTHpQtY8AoT7+lIgK1wEfIFYUO9+Y5FHKrGgpsgukcJ1SgdQuXgv5lnM0R0vupxXK+JTYzVX/PYhoA==",
        "dependencies": {
          "Microsoft.Extensions.Caching.Abstractions": "9.0.17",
          "Microsoft.Extensions.DependencyInjection.Abstractions": "9.0.17",
          "Microsoft.Extensions.Logging.Abstractions": "9.0.17",
          "Microsoft.Extensions.Options": "9.0.17",
          "Microsoft.Extensions.Primitives": "9.0.17"
        }
      },
      "Microsoft.Extensions.DependencyInjection.Abstractions": {
        "type": "CentralTransitive",
        "requested": "[9.0.17, )",
        "resolved": "9.0.17",
        "contentHash": "/Oy6N+l6aBqKKnjpBhH2MSzzKV+UbjDELuk/OkwJW0auMqWZm14aK7n+QGjscH7JosoI1ChTWf4utUGEA6m2RA=="
      },
      "Microsoft.Extensions.Logging.Abstractions": {
        "type": "CentralTransitive",
        "requested": "[9.0.17, )",
        "resolved": "9.0.17",
        "contentHash": "b1onT7ZvIrpkQ9swhLqSuj1eKvOtElXig2tk7b3ckBfXUu//Y6P7rzz15qTW0SCyYqanoflPYNQ76kqGutQ3iw==",
        "dependencies": {
          "Microsoft.Extensions.DependencyInjection.Abstractions": "9.0.17"
        }
      },
      "Microsoft.Extensions.Options": {
        "type": "CentralTransitive",
        "requested": "[9.0.17, )",
        "resolved": "9.0.17",
        "contentHash": "+UNeX4y+YJ4CNzwKy8Gf2pOo2++CGFLHFha9QbzUrsutLVne6O8CD+Khz9aWuSkm+l4Wzqa7+qhyC1OGENuQ6g==",
        "dependencies": {
          "Microsoft.Extensions.DependencyInjection.Abstractions": "9.0.17",
          "Microsoft.Extensions.Primitives": "9.0.17"
        }
      }
    }
  }
}